// !$*UTF8*$!
{
	archiveVersion = 1;
	classes = {
	};
	objectVersion = 50;
	objects = {

/* Begin PBXBuildFile section */
		5D2CB7BA2791698B003D466F /* AppDelegate.swift in Sources */ = {isa = PBXBuildFile; fileRef = 5D2CB7B92791698B003D466F /* AppDelegate.swift */; };
		5D2CB7BC2791698B003D466F /* SceneDelegate.swift in Sources */ = {isa = PBXBuildFile; fileRef = 5D2CB7BB2791698B003D466F /* SceneDelegate.swift */; };
		5D2CB7C12791698B003D466F /* Main.storyboard in Resources */ = {isa = PBXBuildFile; fileRef = 5D2CB7BF2791698B003D466F /* Main.storyboard */; };
		5D2CB7C42791698B003D466F /* RandomDog.xcdatamodeld in Sources */ = {isa = PBXBuildFile; fileRef = 5D2CB7C22791698B003D466F /* RandomDog.xcdatamodeld */; };
		5D2CB7C62791698D003D466F /* Assets.xcassets in Resources */ = {isa = PBXBuildFile; fileRef = 5D2CB7C52791698D003D466F /* Assets.xcassets */; };
		5D2CB7C92791698D003D466F /* LaunchScreen.storyboard in Resources */ = {isa = PBXBuildFile; fileRef = 5D2CB7C72791698D003D466F /* LaunchScreen.storyboard */; };
		5D2CB7D427916B87003D466F /* RandomDogViewController.swift in Sources */ = {isa = PBXBuildFile; fileRef = 5D2CB7D327916B87003D466F /* RandomDogViewController.swift */; };
		5D2CB7D627916B9C003D466F /* GenerateDogViewController.swift in Sources */ = {isa = PBXBuildFile; fileRef = 5D2CB7D527916B9C003D466F /* GenerateDogViewController.swift */; };
		5D2CB7D827916BB1003D466F /* RecentDogsViewController.swift in Sources */ = {isa = PBXBuildFile; fileRef = 5D2CB7D727916BB1003D466F /* RecentDogsViewController.swift */; };
		5D2CB7DC27917C67003D466F /* NetworkRequest.swift in Sources */ = {isa = PBXBuildFile; fileRef = 5D2CB7DB27917C67003D466F /* NetworkRequest.swift */; };
		5D2CB7DE27917C92003D466F /* APIResource.swift in Sources */ = {isa = PBXBuildFile; fileRef = 5D2CB7DD27917C92003D466F /* APIResource.swift */; };
		5D2CB7E027917E74003D466F /* NetworkError.swift in Sources */ = {isa = PBXBuildFile; fileRef = 5D2CB7DF27917E74003D466F /* NetworkError.swift */; };
		5D2CB7E427918039003D466F /* APIRequest.swift in Sources */ = {isa = PBXBuildFile; fileRef = 5D2CB7E327918039003D466F /* APIRequest.swift */; };
		5D2CB7E92791810F003D466F /* RandomDogResource.swift in Sources */ = {isa = PBXBuildFile; fileRef = 5D2CB7E82791810F003D466F /* RandomDogResource.swift */; };
		5D2CB7EC2791813E003D466F /* RandomDog.swift in Sources */ = {isa = PBXBuildFile; fileRef = 5D2CB7EB2791813E003D466F /* RandomDog.swift */; };
		5D2CB7EE27918281003D466F /* RandomDogViewModel.swift in Sources */ = {isa = PBXBuildFile; fileRef = 5D2CB7ED27918281003D466F /* RandomDogViewModel.swift */; };
		5D2CB7F22791871C003D466F /* DataRequest.swift in Sources */ = {isa = PBXBuildFile; fileRef = 5D2CB7F12791871C003D466F /* DataRequest.swift */; };
		5D2CB7F42791889D003D466F /* DataResource.swift in Sources */ = {isa = PBXBuildFile; fileRef = 5D2CB7F32791889D003D466F /* DataResource.swift */; };
		5D2CB7F827919015003D466F /* ImageCache.swift in Sources */ = {isa = PBXBuildFile; fileRef = 5D2CB7F727919015003D466F /* ImageCache.swift */; };
		5DB09EEF2791C57D00D1FAA9 /* RandomDogCell.swift in Sources */ = {isa = PBXBuildFile; fileRef = 5DB09EED2791C57D00D1FAA9 /* RandomDogCell.swift */; };
		5DB09EF02791C57D00D1FAA9 /* RandomDogCell.xib in Resources */ = {isa = PBXBuildFile; fileRef = 5DB09EEE2791C57D00D1FAA9 /* RandomDogCell.xib */; };
/* End PBXBuildFile section */

/* Begin PBXFileReference section */
		5D2CB7B62791698A003D466F /* RandomDog.app */ = {isa = PBXFileReference; explicitFileType = wrapper.application; includeInIndex = 0; path = RandomDog.app; sourceTree = BUILT_PRODUCTS_DIR; };
		5D2CB7B92791698B003D466F /* AppDelegate.swift */ = {isa = PBXFileReference; lastKnownFileType = sourcecode.swift; path = AppDelegate.swift; sourceTree = "<group>"; };
		5D2CB7BB2791698B003D466F /* SceneDelegate.swift */ = {isa = PBXFileReference; lastKnownFileType = sourcecode.swift; path = SceneDelegate.swift; sourceTree = "<group>"; };
		5D2CB7C02791698B003D466F /* Base */ = {isa = PBXFileReference; lastKnownFileType = file.storyboard; name = Base; path = Base.lproj/Main.storyboard; sourceTree = "<group>"; };
		5D2CB7C32791698B003D466F /* RandomDog.xcdatamodel */ = {isa = PBXFileReference; lastKnownFileType = wrapper.xcdatamodel; path = RandomDog.xcdatamodel; sourceTree = "<group>"; };
		5D2CB7C52791698D003D466F /* Assets.xcassets */ = {isa = PBXFileReference; lastKnownFileType = folder.assetcatalog; path = Assets.xcassets; sourceTree = "<group>"; };
		5D2CB7C82791698D003D466F /* Base */ = {isa = PBXFileReference; lastKnownFileType = file.storyboard; name = Base; path = Base.lproj/LaunchScreen.storyboard; sourceTree = "<group>"; };
		5D2CB7CA2791698D003D466F /* Info.plist */ = {isa = PBXFileReference; lastKnownFileType = text.plist.xml; path = Info.plist; sourceTree = "<group>"; };
		5D2CB7D327916B87003D466F /* RandomDogViewController.swift */ = {isa = PBXFileReference; lastKnownFileType = sourcecode.swift; path = RandomDogViewController.swift; sourceTree = "<group>"; };
		5D2CB7D527916B9C003D466F /* GenerateDogViewController.swift */ = {isa = PBXFileReference; lastKnownFileType = sourcecode.swift; path = GenerateDogViewController.swift; sourceTree = "<group>"; };
		5D2CB7D727916BB1003D466F /* RecentDogsViewController.swift */ = {isa = PBXFileReference; lastKnownFileType = sourcecode.swift; path = RecentDogsViewController.swift; sourceTree = "<group>"; };
		5D2CB7DB27917C67003D466F /* NetworkRequest.swift */ = {isa = PBXFileReference; lastKnownFileType = sourcecode.swift; path = NetworkRequest.swift; sourceTree = "<group>"; };
		5D2CB7DD27917C92003D466F /* APIResource.swift */ = {isa = PBXFileReference; lastKnownFileType = sourcecode.swift; path = APIResource.swift; sourceTree = "<group>"; };
		5D2CB7DF27917E74003D466F /* NetworkError.swift */ = {isa = PBXFileReference; lastKnownFileType = sourcecode.swift; path = NetworkError.swift; sourceTree = "<group>"; };
		5D2CB7E327918039003D466F /* APIRequest.swift */ = {isa = PBXFileReference; lastKnownFileType = sourcecode.swift; path = APIRequest.swift; sourceTree = "<group>"; };
		5D2CB7E82791810F003D466F /* RandomDogResource.swift */ = {isa = PBXFileReference; lastKnownFileType = sourcecode.swift; path = RandomDogResource.swift; sourceTree = "<group>"; };
		5D2CB7EB2791813E003D466F /* RandomDog.swift */ = {isa = PBXFileReference; lastKnownFileType = sourcecode.swift; path = RandomDog.swift; sourceTree = "<group>"; };
		5D2CB7ED27918281003D466F /* RandomDogViewModel.swift */ = {isa = PBXFileReference; lastKnownFileType = sourcecode.swift; path = RandomDogViewModel.swift; sourceTree = "<group>"; };
		5D2CB7F12791871C003D466F /* DataRequest.swift */ = {isa = PBXFileReference; lastKnownFileType = sourcecode.swift; path = DataRequest.swift; sourceTree = "<group>"; };
		5D2CB7F32791889D003D466F /* DataResource.swift */ = {isa = PBXFileReference; lastKnownFileType = sourcecode.swift; path = DataResource.swift; sourceTree = "<group>"; };
		5D2CB7F727919015003D466F /* ImageCache.swift */ = {isa = PBXFileReference; lastKnownFileType = sourcecode.swift; path = ImageCache.swift; sourceTree = "<group>"; };
		5DB09EED2791C57D00D1FAA9 /* RandomDogCell.swift */ = {isa = PBXFileReference; lastKnownFileType = sourcecode.swift; path = RandomDogCell.swift; sourceTree = "<group>"; };
		5DB09EEE2791C57D00D1FAA9 /* RandomDogCell.xib */ = {isa = PBXFileReference; lastKnownFileType = file.xib; path = RandomDogCell.xib; sourceTree = "<group>"; };
/* End PBXFileReference section */

/* Begin PBXFrameworksBuildPhase section */
		5D2CB7B32791698A003D466F /* Frameworks */ = {
			isa = PBXFrameworksBuildPhase;
			buildActionMask = 2147483647;
			files = (
			);
			runOnlyForDeploymentPostprocessing = 0;
		};
/* End PBXFrameworksBuildPhase section */

/* Begin PBXGroup section */
		5D2CB7AD2791698A003D466F = {
			isa = PBXGroup;
			children = (
				5D2CB7B82791698A003D466F /* RandomDog */,
				5D2CB7B72791698A003D466F /* Products */,
			);
			sourceTree = "<group>";
		};
		5D2CB7B72791698A003D466F /* Products */ = {
			isa = PBXGroup;
			children = (
				5D2CB7B62791698A003D466F /* RandomDog.app */,
			);
			name = Products;
			sourceTree = "<group>";
		};
		5D2CB7B82791698A003D466F /* RandomDog */ = {
			isa = PBXGroup;
			children = (
				5D2CB7F627919000003D466F /* ImageCache */,
				5D2CB7F527918FDC003D466F /* Model */,
				5D2CB7D927917C25003D466F /* Network */,
				5D2CB7D127916A4B003D466F /* ViewModel */,
				5D2CB7D027916A43003D466F /* View */,
				5D2CB7B92791698B003D466F /* AppDelegate.swift */,
				5D2CB7BB2791698B003D466F /* SceneDelegate.swift */,
				5D2CB7BF2791698B003D466F /* Main.storyboard */,
				5D2CB7C52791698D003D466F /* Assets.xcassets */,
				5D2CB7C72791698D003D466F /* LaunchScreen.storyboard */,
				5D2CB7CA2791698D003D466F /* Info.plist */,
				5D2CB7C22791698B003D466F /* RandomDog.xcdatamodeld */,
			);
			path = RandomDog;
			sourceTree = "<group>";
		};
		5D2CB7D027916A43003D466F /* View */ = {
			isa = PBXGroup;
			children = (
				5DB09EEB2791C54800D1FAA9 /* RandomDogCell */,
				5D2CB7D227916A5D003D466F /* ViewController */,
			);
			path = View;
			sourceTree = "<group>";
		};
		5D2CB7D127916A4B003D466F /* ViewModel */ = {
			isa = PBXGroup;
			children = (
				5D2CB7ED27918281003D466F /* RandomDogViewModel.swift */,
			);
			path = ViewModel;
			sourceTree = "<group>";
		};
		5D2CB7D227916A5D003D466F /* ViewController */ = {
			isa = PBXGroup;
			children = (
				5D2CB7D327916B87003D466F /* RandomDogViewController.swift */,
				5D2CB7D527916B9C003D466F /* GenerateDogViewController.swift */,
				5D2CB7D727916BB1003D466F /* RecentDogsViewController.swift */,
			);
			path = ViewController;
			sourceTree = "<group>";
		};
		5D2CB7D927917C25003D466F /* Network */ = {
			isa = PBXGroup;
			children = (
				5D2CB7E627918082003D466F /* Resource */,
				5D2CB7E52791807C003D466F /* Request */,
				5D2CB7DF27917E74003D466F /* NetworkError.swift */,
			);
			path = Network;
			sourceTree = "<group>";
		};
		5D2CB7E52791807C003D466F /* Request */ = {
			isa = PBXGroup;
			children = (
				5D2CB7DB27917C67003D466F /* NetworkRequest.swift */,
				5D2CB7E327918039003D466F /* APIRequest.swift */,
				5D2CB7F12791871C003D466F /* DataRequest.swift */,
			);
			path = Request;
			sourceTree = "<group>";
		};
		5D2CB7E627918082003D466F /* Resource */ = {
			isa = PBXGroup;
			children = (
				5D2CB7DD27917C92003D466F /* APIResource.swift */,
				5D2CB7E82791810F003D466F /* RandomDogResource.swift */,
				5D2CB7F32791889D003D466F /* DataResource.swift */,
			);
			path = Resource;
			sourceTree = "<group>";
		};
		5D2CB7F527918FDC003D466F /* Model */ = {
			isa = PBXGroup;
			children = (
				5D2CB7EB2791813E003D466F /* RandomDog.swift */,
			);
			path = Model;
			sourceTree = "<group>";
		};
		5D2CB7F627919000003D466F /* ImageCache */ = {
			isa = PBXGroup;
			children = (
				5D2CB7F727919015003D466F /* ImageCache.swift */,
			);
			path = ImageCache;
			sourceTree = "<group>";
		};
		5DB09EEB2791C54800D1FAA9 /* RandomDogCell */ = {
			isa = PBXGroup;
			children = (
				5DB09EED2791C57D00D1FAA9 /* RandomDogCell.swift */,
				5DB09EEE2791C57D00D1FAA9 /* RandomDogCell.xib */,
			);
			path = RandomDogCell;
			sourceTree = "<group>";
		};
/* End PBXGroup section */

/* Begin PBXNativeTarget section */
		5D2CB7B52791698A003D466F /* RandomDog */ = {
			isa = PBXNativeTarget;
			buildConfigurationList = 5D2CB7CD2791698D003D466F /* Build configuration list for PBXNativeTarget "RandomDog" */;
			buildPhases = (
				5D2CB7B22791698A003D466F /* Sources */,
				5D2CB7B32791698A003D466F /* Frameworks */,
				5D2CB7B42791698A003D466F /* Resources */,
			);
			buildRules = (
			);
			dependencies = (
			);
			name = RandomDog;
			productName = RandomDog;
			productReference = 5D2CB7B62791698A003D466F /* RandomDog.app */;
			productType = "com.apple.product-type.application";
		};
/* End PBXNativeTarget section */

/* Begin PBXProject section */
		5D2CB7AE2791698A003D466F /* Project object */ = {
			isa = PBXProject;
			attributes = {
				LastSwiftUpdateCheck = 1250;
				LastUpgradeCheck = 1250;
				TargetAttributes = {
					5D2CB7B52791698A003D466F = {
						CreatedOnToolsVersion = 12.5;
					};
				};
			};
			buildConfigurationList = 5D2CB7B12791698A003D466F /* Build configuration list for PBXProject "RandomDog" */;
			compatibilityVersion = "Xcode 9.3";
			developmentRegion = en;
			hasScannedForEncodings = 0;
			knownRegions = (
				en,
				Base,
			);
			mainGroup = 5D2CB7AD2791698A003D466F;
			productRefGroup = 5D2CB7B72791698A003D466F /* Products */;
			projectDirPath = "";
			projectRoot = "";
			targets = (
				5D2CB7B52791698A003D466F /* RandomDog */,
			);
		};
/* End PBXProject section */

/* Begin PBXResourcesBuildPhase section */
		5D2CB7B42791698A003D466F /* Resources */ = {
			isa = PBXResourcesBuildPhase;
			buildActionMask = 2147483647;
			files = (
				5D2CB7C92791698D003D466F /* LaunchScreen.storyboard in Resources */,
				5DB09EF02791C57D00D1FAA9 /* RandomDogCell.xib in Resources */,
				5D2CB7C62791698D003D466F /* Assets.xcassets in Resources */,
				5D2CB7C12791698B003D466F /* Main.storyboard in Resources */,
			);
			runOnlyForDeploymentPostprocessing = 0;
		};
/* End PBXResourcesBuildPhase section */

/* Begin PBXSourcesBuildPhase section */
		5D2CB7B22791698A003D466F /* Sources */ = {
			isa = PBXSourcesBuildPhase;
			buildActionMask = 2147483647;
			files = (
				5D2CB7DC27917C67003D466F /* NetworkRequest.swift in Sources */,
				5D2CB7C42791698B003D466F /* RandomDog.xcdatamodeld in Sources */,
				5D2CB7F827919015003D466F /* ImageCache.swift in Sources */,
				5D2CB7EE27918281003D466F /* RandomDogViewModel.swift in Sources */,
				5D2CB7E92791810F003D466F /* RandomDogResource.swift in Sources */,
				5D2CB7F22791871C003D466F /* DataRequest.swift in Sources */,
				5D2CB7BA2791698B003D466F /* AppDelegate.swift in Sources */,
				5D2CB7F42791889D003D466F /* DataResource.swift in Sources */,
				5D2CB7D827916BB1003D466F /* RecentDogsViewController.swift in Sources */,
				5D2CB7EC2791813E003D466F /* RandomDog.swift in Sources */,
				5D2CB7D427916B87003D466F /* RandomDogViewController.swift in Sources */,
				5D2CB7D627916B9C003D466F /* GenerateDogViewController.swift in Sources */,
				5D2CB7E027917E74003D466F /* NetworkError.swift in Sources */,
				5D2CB7DE27917C92003D466F /* APIResource.swift in Sources */,
				5D2CB7E427918039003D466F /* APIRequest.swift in Sources */,
				5DB09EEF2791C57D00D1FAA9 /* RandomDogCell.swift in Sources */,
				5D2CB7BC2791698B003D466F /* SceneDelegate.swift in Sources */,
			);
			runOnlyForDeploymentPostprocessing = 0;
		};
/* End PBXSourcesBuildPhase section */

/* Begin PBXVariantGroup section */
		5D2CB7BF2791698B003D466F /* Main.storyboard */ = {
			isa = PBXVariantGroup;
			children = (
				5D2CB7C02791698B003D466F /* Base */,
			);
			name = Main.storyboard;
			sourceTree = "<group>";
		};
		5D2CB7C72791698D003D466F /* LaunchScreen.storyboard */ = {
			isa = PBXVariantGroup;
			children = (
				5D2CB7C82791698D003D466F /* Base */,
			);
			name = LaunchScreen.storyboard;
			sourceTree = "<group>";
		};
/* End PBXVariantGroup section */

/* Begin XCBuildConfiguration section */
		5D2CB7CB2791698D003D466F /* Debug */ = {
			isa = XCBuildConfiguration;
			buildSettings = {
				ALWAYS_SEARCH_USER_PATHS = NO;
				CLANG_ANALYZER_NONNULL = YES;
				CLANG_ANALYZER_NUMBER_OBJECT_CONVERSION = YES_AGGRESSIVE;
				CLANG_CXX_LANGUAGE_STANDARD = "gnu++14";
				CLANG_CXX_LIBRARY = "libc++";
				CLANG_ENABLE_MODULES = YES;
				CLANG_ENABLE_OBJC_ARC = YES;
				CLANG_ENABLE_OBJC_WEAK = YES;
				CLANG_WARN_BLOCK_CAPTURE_AUTORELEASING = YES;
				CLANG_WARN_BOOL_CONVERSION = YES;
				CLANG_WARN_COMMA = YES;
				CLANG_WARN_CONSTANT_CONVERSION = YES;
				CLANG_WARN_DEPRECATED_OBJC_IMPLEMENTATIONS = YES;
				CLANG_WARN_DIRECT_OBJC_ISA_USAGE = YES_ERROR;
				CLANG_WARN_DOCUMENTATION_COMMENTS = YES;
				CLANG_WARN_EMPTY_BODY = YES;
				CLANG_WARN_ENUM_CONVERSION = YES;
				CLANG_WARN_INFINITE_RECURSION = YES;
				CLANG_WARN_INT_CONVERSION = YES;
				CLANG_WARN_NON_LITERAL_NULL_CONVERSION = YES;
				CLANG_WARN_OBJC_IMPLICIT_RETAIN_SELF = YES;
				CLANG_WARN_OBJC_LITERAL_CONVERSION = YES;
				CLANG_WARN_OBJC_ROOT_CLASS = YES_ERROR;
				CLANG_WARN_QUOTED_INCLUDE_IN_FRAMEWORK_HEADER = YES;
				CLANG_WARN_RANGE_LOOP_ANALYSIS = YES;
				CLANG_WARN_STRICT_PROTOTYPES = YES;
				CLANG_WARN_SUSPICIOUS_MOVE = YES;
				CLANG_WARN_UNGUARDED_AVAILABILITY = YES_AGGRESSIVE;
				CLANG_WARN_UNREACHABLE_CODE = YES;
				CLANG_WARN__DUPLICATE_METHOD_MATCH = YES;
				COPY_PHASE_STRIP = NO;
				DEBUG_INFORMATION_FORMAT = dwarf;
				ENABLE_STRICT_OBJC_MSGSEND = YES;
				ENABLE_TESTABILITY = YES;
				GCC_C_LANGUAGE_STANDARD = gnu11;
				GCC_DYNAMIC_NO_PIC = NO;
				GCC_NO_COMMON_BLOCKS = YES;
				GCC_OPTIMIZATION_LEVEL = 0;
				GCC_PREPROCESSOR_DEFINITIONS = (
					"DEBUG=1",
					"$(inherited)",
				);
				GCC_WARN_64_TO_32_BIT_CONVERSION = YES;
				GCC_WARN_ABOUT_RETURN_TYPE = YES_ERROR;
				GCC_WARN_UNDECLARED_SELECTOR = YES;
				GCC_WARN_UNINITIALIZED_AUTOS = YES_AGGRESSIVE;
				GCC_WARN_UNUSED_FUNCTION = YES;
				GCC_WARN_UNUSED_VARIABLE = YES;
				IPHONEOS_DEPLOYMENT_TARGET = 13.0;
				MTL_ENABLE_DEBUG_INFO = INCLUDE_SOURCE;
				MTL_FAST_MATH = YES;
				ONLY_ACTIVE_ARCH = YES;
				SDKROOT = iphoneos;
				SWIFT_ACTIVE_COMPILATION_CONDITIONS = DEBUG;
				SWIFT_OPTIMIZATION_LEVEL = "-Onone";
			};
			name = Debug;
		};
		5D2CB7CC2791698D003D466F /* Release */ = {
			isa = XCBuildConfiguration;
			buildSettings = {
				ALWAYS_SEARCH_USER_PATHS = NO;
				CLANG_ANALYZER_NONNULL = YES;
				CLANG_ANALYZER_NUMBER_OBJECT_CONVERSION = YES_AGGRESSIVE;
				CLANG_CXX_LANGUAGE_STANDARD = "gnu++14";
				CLANG_CXX_LIBRARY = "libc++";
				CLANG_ENABLE_MODULES = YES;
				CLANG_ENABLE_OBJC_ARC = YES;
				CLANG_ENABLE_OBJC_WEAK = YES;
				CLANG_WARN_BLOCK_CAPTURE_AUTORELEASING = YES;
				CLANG_WARN_BOOL_CONVERSION = YES;
				CLANG_WARN_COMMA = YES;
				CLANG_WARN_CONSTANT_CONVERSION = YES;
				CLANG_WARN_DEPRECATED_OBJC_IMPLEMENTATIONS = YES;
				CLANG_WARN_DIRECT_OBJC_ISA_USAGE = YES_ERROR;
				CLANG_WARN_DOCUMENTATION_COMMENTS = YES;
				CLANG_WARN_EMPTY_BODY = YES;
				CLANG_WARN_ENUM_CONVERSION = YES;
				CLANG_WARN_INFINITE_RECURSION = YES;
				CLANG_WARN_INT_CONVERSION = YES;
				CLANG_WARN_NON_LITERAL_NULL_CONVERSION = YES;
				CLANG_WARN_OBJC_IMPLICIT_RETAIN_SELF = YES;
				CLANG_WARN_OBJC_LITERAL_CONVERSION = YES;
				CLANG_WARN_OBJC_ROOT_CLASS = YES_ERROR;
				CLANG_WARN_QUOTED_INCLUDE_IN_FRAMEWORK_HEADER = YES;
				CLANG_WARN_RANGE_LOOP_ANALYSIS = YES;
				CLANG_WARN_STRICT_PROTOTYPES = YES;
				CLANG_WARN_SUSPICIOUS_MOVE = YES;
				CLANG_WARN_UNGUARDED_AVAILABILITY = YES_AGGRESSIVE;
				CLANG_WARN_UNREACHABLE_CODE = YES;
				CLANG_WARN__DUPLICATE_METHOD_MATCH = YES;
				COPY_PHASE_STRIP = NO;
				DEBUG_INFORMATION_FORMAT = "dwarf-with-dsym";
				ENABLE_NS_ASSERTIONS = NO;
				ENABLE_STRICT_OBJC_MSGSEND = YES;
				GCC_C_LANGUAGE_STANDARD = gnu11;
				GCC_NO_COMMON_BLOCKS = YES;
				GCC_WARN_64_TO_32_BIT_CONVERSION = YES;
				GCC_WARN_ABOUT_RETURN_TYPE = YES_ERROR;
				GCC_WARN_UNDECLARED_SELECTOR = YES;
				GCC_WARN_UNINITIALIZED_AUTOS = YES_AGGRESSIVE;
				GCC_WARN_UNUSED_FUNCTION = YES;
				GCC_WARN_UNUSED_VARIABLE = YES;
				IPHONEOS_DEPLOYMENT_TARGET = 13.0;
				MTL_ENABLE_DEBUG_INFO = NO;
				MTL_FAST_MATH = YES;
				SDKROOT = iphoneos;
				SWIFT_COMPILATION_MODE = wholemodule;
				SWIFT_OPTIMIZATION_LEVEL = "-O";
				VALIDATE_PRODUCT = YES;
			};
			name = Release;
		};
		5D2CB7CE2791698D003D466F /* Debug */ = {
			isa = XCBuildConfiguration;
			buildSettings = {
				ASSETCATALOG_COMPILER_APPICON_NAME = AppIcon;
				ASSETCATALOG_COMPILER_GLOBAL_ACCENT_COLOR_NAME = AccentColor;
				CODE_SIGN_STYLE = Automatic;
				DEVELOPMENT_TEAM = 58ZF499A75;
				INFOPLIST_FILE = RandomDog/Info.plist;
				LD_RUNPATH_SEARCH_PATHS = (
					"$(inherited)",
					"@executable_path/Frameworks",
				);
				PRODUCT_BUNDLE_IDENTIFIER = com.jithinsyamms.randomdog.RandomDog;
				PRODUCT_NAME = "$(TARGET_NAME)";
				SWIFT_VERSION = 5.0;
				TARGETED_DEVICE_FAMILY = "1,2";
			};
			name = Debug;
		};
		5D2CB7CF2791698D003D466F /* Release */ = {
			isa = XCBuildConfiguration;
			buildSettings = {
				ASSETCATALOG_COMPILER_APPICON_NAME = AppIcon;
				ASSETCATALOG_COMPILER_GLOBAL_ACCENT_COLOR_NAME = AccentColor;
				CODE_SIGN_STYLE = Automatic;
				DEVELOPMENT_TEAM = 58ZF499A75;
				INFOPLIST_FILE = RandomDog/Info.plist;
				LD_RUNPATH_SEARCH_PATHS = (
					"$(inherited)",
					"@executable_path/Frameworks",
				);
				PRODUCT_BUNDLE_IDENTIFIER = com.jithinsyamms.randomdog.RandomDog;
				PRODUCT_NAME = "$(TARGET_NAME)";
				SWIFT_VERSION = 5.0;
				TARGETED_DEVICE_FAMILY = "1,2";
			};
			name = Release;
		};
/* End XCBuildConfiguration section */

/* Begin XCConfigurationList section */
		5D2CB7B12791698A003D466F /* Build configuration list for PBXProject "RandomDog" */ = {
			isa = XCConfigurationList;
			buildConfigurations = (
				5D2CB7CB2791698D003D466F /* Debug */,
				5D2CB7CC2791698D003D466F /* Release */,
			);
			defaultConfigurationIsVisible = 0;
			defaultConfigurationName = Release;
		};
		5D2CB7CD2791698D003D466F /* Build configuration list for PBXNativeTarget "RandomDog" */ = {
			isa = XCConfigurationList;
			buildConfigurations = (
				5D2CB7CE2791698D003D466F /* Debug */,
				5D2CB7CF2791698D003D466F /* Release */,
			);
			defaultConfigurationIsVisible = 0;
			defaultConfigurationName = Release;
		};
/* End XCConfigurationList section */

/* Begin XCVersionGroup section */
		5D2CB7C22791698B003D466F /* RandomDog.xcdatamodeld */ = {
			isa = XCVersionGroup;
			children = (
				5D2CB7C32791698B003D466F /* RandomDog.xcdatamodel */,
			);
			currentVersion = 5D2CB7C32791698B003D466F /* RandomDog.xcdatamodel */;
			path = RandomDog.xcdatamodeld;
			sourceTree = "<group>";
			versionGroupType = wrapper.xcdatamodel;
		};
/* End XCVersionGroup section */
	};
	rootObject = 5D2CB7AE2791698A003D466F /* Project object */;
}
